
Microsoft Visual Studio Solution File, Format Version 11.00
# Visual C++ Express 2010
Project("{8BC9CEB8-8B4A-11D0-8D11-00A0C91BC942}") = "Chap03PC04", "Chap03PC04\Chap03PC04.vcxproj", "{FF562BF8-1134-4A53-B257-9B356ACA2F91}"
EndProject
Global
	GlobalSection(SolutionConfigurationPlatforms) = preSolution
		Debug|Win32 = Debug|Win32
		Release|Win32 = Release|Win32
	EndGlobalSection
	GlobalSection(ProjectConfigurationPlatforms) = postSolution
		{FF562BF8-1134-4A53-B257-9B356ACA2F91}.Debug|Win32.ActiveCfg = Debug|Win32
		{FF562BF8-1134-4A53-B257-9B356ACA2F91}.Debug|Win32.Build.0 = Debug|Win32
		{FF562BF8-1134-4A53-B257-9B356ACA2F91}.Release|Win32.ActiveCfg = Release|Win32
		{FF562BF8-1134-4A53-B257-9B356ACA2F91}.Release|Win32.Build.0 = Release|Win32
	EndGlobalSection
	GlobalSection(SolutionProperties) = preSolution
		HideSolutionNode = FALSE
	EndGlobalSection
EndGlobal
