
Microsoft Visual Studio Solution File, Format Version 11.00
# Visual C++ Express 2010
Project("{8BC9CEB8-8B4A-11D0-8D11-00A0C91BC942}") = "Algol2", "Algol2\Algol2.vcxproj", "{82B24ED2-8BDC-4C23-9FE2-3A297EC36DE2}"
EndProject
Global
	GlobalSection(SolutionConfigurationPlatforms) = preSolution
		Debug|Win32 = Debug|Win32
		Release|Win32 = Release|Win32
	EndGlobalSection
	GlobalSection(ProjectConfigurationPlatforms) = postSolution
		{82B24ED2-8BDC-4C23-9FE2-3A297EC36DE2}.Debug|Win32.ActiveCfg = Debug|Win32
		{82B24ED2-8BDC-4C23-9FE2-3A297EC36DE2}.Debug|Win32.Build.0 = Debug|Win32
		{82B24ED2-8BDC-4C23-9FE2-3A297EC36DE2}.Release|Win32.ActiveCfg = Release|Win32
		{82B24ED2-8BDC-4C23-9FE2-3A297EC36DE2}.Release|Win32.Build.0 = Release|Win32
	EndGlobalSection
	GlobalSection(SolutionProperties) = preSolution
		HideSolutionNode = FALSE
	EndGlobalSection
EndGlobal
