
Microsoft Visual Studio Solution File, Format Version 11.00
# Visual C++ Express 2010
Project("{8BC9CEB8-8B4A-11D0-8D11-00A0C91BC942}") = "Chap02PC03", "Chap02PC03\Chap02PC03.vcxproj", "{DAC7DFC1-60D5-48FC-BD3C-F88900525112}"
EndProject
Global
	GlobalSection(SolutionConfigurationPlatforms) = preSolution
		Debug|Win32 = Debug|Win32
		Release|Win32 = Release|Win32
	EndGlobalSection
	GlobalSection(ProjectConfigurationPlatforms) = postSolution
		{DAC7DFC1-60D5-48FC-BD3C-F88900525112}.Debug|Win32.ActiveCfg = Debug|Win32
		{DAC7DFC1-60D5-48FC-BD3C-F88900525112}.Debug|Win32.Build.0 = Debug|Win32
		{DAC7DFC1-60D5-48FC-BD3C-F88900525112}.Release|Win32.ActiveCfg = Release|Win32
		{DAC7DFC1-60D5-48FC-BD3C-F88900525112}.Release|Win32.Build.0 = Release|Win32
	EndGlobalSection
	GlobalSection(SolutionProperties) = preSolution
		HideSolutionNode = FALSE
	EndGlobalSection
EndGlobal
