
Microsoft Visual Studio Solution File, Format Version 11.00
# Visual C++ Express 2010
Project("{8BC9CEB8-8B4A-11D0-8D11-00A0C91BC942}") = "FinalProjectPart2", "FinalProjectPart2\FinalProjectPart2.vcxproj", "{74969ED8-2C3C-450D-8733-CF69B2F3546F}"
EndProject
Global
	GlobalSection(SolutionConfigurationPlatforms) = preSolution
		Debug|Win32 = Debug|Win32
		Release|Win32 = Release|Win32
	EndGlobalSection
	GlobalSection(ProjectConfigurationPlatforms) = postSolution
		{74969ED8-2C3C-450D-8733-CF69B2F3546F}.Debug|Win32.ActiveCfg = Debug|Win32
		{74969ED8-2C3C-450D-8733-CF69B2F3546F}.Debug|Win32.Build.0 = Debug|Win32
		{74969ED8-2C3C-450D-8733-CF69B2F3546F}.Release|Win32.ActiveCfg = Release|Win32
		{74969ED8-2C3C-450D-8733-CF69B2F3546F}.Release|Win32.Build.0 = Release|Win32
	EndGlobalSection
	GlobalSection(SolutionProperties) = preSolution
		HideSolutionNode = FALSE
	EndGlobalSection
EndGlobal
