
Microsoft Visual Studio Solution File, Format Version 11.00
# Visual C++ Express 2010
Project("{8BC9CEB8-8B4A-11D0-8D11-00A0C91BC942}") = "Base Conversion", "Base Conversion\Base Conversion.vcxproj", "{89DFCBCD-4B3A-4305-8C55-567AAD26D77D}"
EndProject
Global
	GlobalSection(SolutionConfigurationPlatforms) = preSolution
		Debug|Win32 = Debug|Win32
		Release|Win32 = Release|Win32
	EndGlobalSection
	GlobalSection(ProjectConfigurationPlatforms) = postSolution
		{89DFCBCD-4B3A-4305-8C55-567AAD26D77D}.Debug|Win32.ActiveCfg = Debug|Win32
		{89DFCBCD-4B3A-4305-8C55-567AAD26D77D}.Debug|Win32.Build.0 = Debug|Win32
		{89DFCBCD-4B3A-4305-8C55-567AAD26D77D}.Release|Win32.ActiveCfg = Release|Win32
		{89DFCBCD-4B3A-4305-8C55-567AAD26D77D}.Release|Win32.Build.0 = Release|Win32
	EndGlobalSection
	GlobalSection(SolutionProperties) = preSolution
		HideSolutionNode = FALSE
	EndGlobalSection
EndGlobal
