
Microsoft Visual Studio Solution File, Format Version 11.00
# Visual C++ Express 2010
Project("{8BC9CEB8-8B4A-11D0-8D11-00A0C91BC942}") = "Chap03PC14", "Chap03PC14\Chap03PC14.vcxproj", "{CAD97A02-F07E-435B-B9F5-13FEA989F436}"
EndProject
Global
	GlobalSection(SolutionConfigurationPlatforms) = preSolution
		Debug|Win32 = Debug|Win32
		Release|Win32 = Release|Win32
	EndGlobalSection
	GlobalSection(ProjectConfigurationPlatforms) = postSolution
		{CAD97A02-F07E-435B-B9F5-13FEA989F436}.Debug|Win32.ActiveCfg = Debug|Win32
		{CAD97A02-F07E-435B-B9F5-13FEA989F436}.Debug|Win32.Build.0 = Debug|Win32
		{CAD97A02-F07E-435B-B9F5-13FEA989F436}.Release|Win32.ActiveCfg = Release|Win32
		{CAD97A02-F07E-435B-B9F5-13FEA989F436}.Release|Win32.Build.0 = Release|Win32
	EndGlobalSection
	GlobalSection(SolutionProperties) = preSolution
		HideSolutionNode = FALSE
	EndGlobalSection
EndGlobal
