
Microsoft Visual Studio Solution File, Format Version 11.00
# Visual C++ Express 2010
Project("{8BC9CEB8-8B4A-11D0-8D11-00A0C91BC942}") = "Chap03PC19", "Chap03PC19\Chap03PC19.vcxproj", "{31B6C4AC-BEAB-45DC-8C83-24EB54BF86F6}"
EndProject
Global
	GlobalSection(SolutionConfigurationPlatforms) = preSolution
		Debug|Win32 = Debug|Win32
		Release|Win32 = Release|Win32
	EndGlobalSection
	GlobalSection(ProjectConfigurationPlatforms) = postSolution
		{31B6C4AC-BEAB-45DC-8C83-24EB54BF86F6}.Debug|Win32.ActiveCfg = Debug|Win32
		{31B6C4AC-BEAB-45DC-8C83-24EB54BF86F6}.Debug|Win32.Build.0 = Debug|Win32
		{31B6C4AC-BEAB-45DC-8C83-24EB54BF86F6}.Release|Win32.ActiveCfg = Release|Win32
		{31B6C4AC-BEAB-45DC-8C83-24EB54BF86F6}.Release|Win32.Build.0 = Release|Win32
	EndGlobalSection
	GlobalSection(SolutionProperties) = preSolution
		HideSolutionNode = FALSE
	EndGlobalSection
EndGlobal
