
Microsoft Visual Studio Solution File, Format Version 11.00
# Visual C++ Express 2010
Project("{8BC9CEB8-8B4A-11D0-8D11-00A0C91BC942}") = "Algol", "Algol\Algol.vcxproj", "{151FD7A1-0367-4A68-96F1-209F3616FA89}"
EndProject
Global
	GlobalSection(SolutionConfigurationPlatforms) = preSolution
		Debug|Win32 = Debug|Win32
		Release|Win32 = Release|Win32
	EndGlobalSection
	GlobalSection(ProjectConfigurationPlatforms) = postSolution
		{151FD7A1-0367-4A68-96F1-209F3616FA89}.Debug|Win32.ActiveCfg = Debug|Win32
		{151FD7A1-0367-4A68-96F1-209F3616FA89}.Debug|Win32.Build.0 = Debug|Win32
		{151FD7A1-0367-4A68-96F1-209F3616FA89}.Release|Win32.ActiveCfg = Release|Win32
		{151FD7A1-0367-4A68-96F1-209F3616FA89}.Release|Win32.Build.0 = Release|Win32
	EndGlobalSection
	GlobalSection(SolutionProperties) = preSolution
		HideSolutionNode = FALSE
	EndGlobalSection
EndGlobal
