
Microsoft Visual Studio Solution File, Format Version 11.00
# Visual C++ Express 2010
Project("{8BC9CEB8-8B4A-11D0-8D11-00A0C91BC942}") = "Chap04PC13", "Chap04PC13\Chap04PC13.vcxproj", "{E74A2459-A661-446C-8F07-1A16D0B52B59}"
EndProject
Global
	GlobalSection(SolutionConfigurationPlatforms) = preSolution
		Debug|Win32 = Debug|Win32
		Release|Win32 = Release|Win32
	EndGlobalSection
	GlobalSection(ProjectConfigurationPlatforms) = postSolution
		{E74A2459-A661-446C-8F07-1A16D0B52B59}.Debug|Win32.ActiveCfg = Debug|Win32
		{E74A2459-A661-446C-8F07-1A16D0B52B59}.Debug|Win32.Build.0 = Debug|Win32
		{E74A2459-A661-446C-8F07-1A16D0B52B59}.Release|Win32.ActiveCfg = Release|Win32
		{E74A2459-A661-446C-8F07-1A16D0B52B59}.Release|Win32.Build.0 = Release|Win32
	EndGlobalSection
	GlobalSection(SolutionProperties) = preSolution
		HideSolutionNode = FALSE
	EndGlobalSection
EndGlobal
